
Microsoft Visual Studio Solution File, Format Version 12.00
# Visual Studio 14
VisualStudioVersion = 14.0.25420.1
MinimumVisualStudioVersion = 10.0.40219.1
Project("{FAE04EC0-301F-11D3-BF4B-00C04F79EFBC}") = "07-DatatypesConversion", "07-DatatypesConversion\07-DatatypesConversion.csproj", "{000E7BA9-3F57-46CB-A325-46F9C2F10FDF}"
EndProject
Global
	GlobalSection(SolutionConfigurationPlatforms) = preSolution
		Debug|Any CPU = Debug|Any CPU
		Release|Any CPU = Release|Any CPU
	EndGlobalSection
	GlobalSection(ProjectConfigurationPlatforms) = postSolution
		{000E7BA9-3F57-46CB-A325-46F9C2F10FDF}.Debug|Any CPU.ActiveCfg = Debug|Any CPU
		{000E7BA9-3F57-46CB-A325-46F9C2F10FDF}.Debug|Any CPU.Build.0 = Debug|Any CPU
		{000E7BA9-3F57-46CB-A325-46F9C2F10FDF}.Release|Any CPU.ActiveCfg = Release|Any CPU
		{000E7BA9-3F57-46CB-A325-46F9C2F10FDF}.Release|Any CPU.Build.0 = Release|Any CPU
	EndGlobalSection
	GlobalSection(SolutionProperties) = preSolution
		HideSolutionNode = FALSE
	EndGlobalSection
EndGlobal
